
Microsoft Visual Studio Solution File, Format Version 12.00
# Visual Studio Version 16
VisualStudioVersion = 16.0.30225.117
MinimumVisualStudioVersion = 10.0.40219.1
Project("{FAE04EC0-301F-11D3-BF4B-00C04F79EFBC}") = "WebAlbum", "WebAlbum.csproj", "{9E3CCB8B-3DFC-423C-B727-245D9A14A6F2}"
EndProject
Global
	GlobalSection(SolutionConfigurationPlatforms) = preSolution
		Debug|Any CPU = Debug|Any CPU
		Release|Any CPU = Release|Any CPU
	EndGlobalSection
	GlobalSection(ProjectConfigurationPlatforms) = postSolution
		{9E3CCB8B-3DFC-423C-B727-245D9A14A6F2}.Debug|Any CPU.ActiveCfg = Debug|Any CPU
		{9E3CCB8B-3DFC-423C-B727-245D9A14A6F2}.Debug|Any CPU.Build.0 = Debug|Any CPU
		{9E3CCB8B-3DFC-423C-B727-245D9A14A6F2}.Release|Any CPU.ActiveCfg = Release|Any CPU
		{9E3CCB8B-3DFC-423C-B727-245D9A14A6F2}.Release|Any CPU.Build.0 = Release|Any CPU
	EndGlobalSection
	GlobalSection(SolutionProperties) = preSolution
		HideSolutionNode = FALSE
	EndGlobalSection
	GlobalSection(ExtensibilityGlobals) = postSolution
		SolutionGuid = {5318E7F9-01EC-4B71-8D42-2FF31BC3B12B}
	EndGlobalSection
EndGlobal
